
Microsoft Visual Studio Solution File, Format Version 12.00
# Visual Studio 2012
Project("{FAE04EC0-301F-11D3-BF4B-00C04F79EFBC}") = "AndroidMultiTaps", "AndroidMultiTaps\AndroidMultiTaps.csproj", "{F6251DE2-3F86-4163-88B5-EBFCD4051CFC}"
EndProject
Project("{FAE04EC0-301F-11D3-BF4B-00C04F79EFBC}") = "AndroidMultiTaps.iOS", "iOS\AndroidMultiTaps.iOS.csproj", "{B82D3933-99FB-4BFD-AE9C-C87FB20F5AB4}"
EndProject
Project("{FAE04EC0-301F-11D3-BF4B-00C04F79EFBC}") = "AndroidMultiTaps.Droid", "Droid\AndroidMultiTaps.Droid.csproj", "{ED240E11-E279-4132-88CA-D322750B2CE1}"
EndProject
Global
	GlobalSection(SolutionConfigurationPlatforms) = preSolution
		Debug|Any CPU = Debug|Any CPU
		Release|Any CPU = Release|Any CPU
		Debug|iPhoneSimulator = Debug|iPhoneSimulator
		Release|iPhone = Release|iPhone
		Release|iPhoneSimulator = Release|iPhoneSimulator
		Debug|iPhone = Debug|iPhone
	EndGlobalSection
	GlobalSection(ProjectConfigurationPlatforms) = postSolution
		{F6251DE2-3F86-4163-88B5-EBFCD4051CFC}.Debug|Any CPU.ActiveCfg = Debug|Any CPU
		{F6251DE2-3F86-4163-88B5-EBFCD4051CFC}.Debug|Any CPU.Build.0 = Debug|Any CPU
		{F6251DE2-3F86-4163-88B5-EBFCD4051CFC}.Release|Any CPU.ActiveCfg = Release|Any CPU
		{F6251DE2-3F86-4163-88B5-EBFCD4051CFC}.Release|Any CPU.Build.0 = Release|Any CPU
		{F6251DE2-3F86-4163-88B5-EBFCD4051CFC}.Debug|iPhoneSimulator.ActiveCfg = Debug|Any CPU
		{F6251DE2-3F86-4163-88B5-EBFCD4051CFC}.Debug|iPhoneSimulator.Build.0 = Debug|Any CPU
		{F6251DE2-3F86-4163-88B5-EBFCD4051CFC}.Release|iPhone.ActiveCfg = Release|Any CPU
		{F6251DE2-3F86-4163-88B5-EBFCD4051CFC}.Release|iPhone.Build.0 = Release|Any CPU
		{F6251DE2-3F86-4163-88B5-EBFCD4051CFC}.Release|iPhoneSimulator.ActiveCfg = Release|Any CPU
		{F6251DE2-3F86-4163-88B5-EBFCD4051CFC}.Release|iPhoneSimulator.Build.0 = Release|Any CPU
		{F6251DE2-3F86-4163-88B5-EBFCD4051CFC}.Debug|iPhone.ActiveCfg = Debug|Any CPU
		{F6251DE2-3F86-4163-88B5-EBFCD4051CFC}.Debug|iPhone.Build.0 = Debug|Any CPU
		{B82D3933-99FB-4BFD-AE9C-C87FB20F5AB4}.Debug|Any CPU.ActiveCfg = Debug|iPhoneSimulator
		{B82D3933-99FB-4BFD-AE9C-C87FB20F5AB4}.Debug|Any CPU.Build.0 = Debug|iPhoneSimulator
		{B82D3933-99FB-4BFD-AE9C-C87FB20F5AB4}.Release|Any CPU.ActiveCfg = Release|iPhone
		{B82D3933-99FB-4BFD-AE9C-C87FB20F5AB4}.Release|Any CPU.Build.0 = Release|iPhone
		{B82D3933-99FB-4BFD-AE9C-C87FB20F5AB4}.Debug|iPhoneSimulator.ActiveCfg = Debug|iPhoneSimulator
		{B82D3933-99FB-4BFD-AE9C-C87FB20F5AB4}.Debug|iPhoneSimulator.Build.0 = Debug|iPhoneSimulator
		{B82D3933-99FB-4BFD-AE9C-C87FB20F5AB4}.Release|iPhone.ActiveCfg = Release|iPhone
		{B82D3933-99FB-4BFD-AE9C-C87FB20F5AB4}.Release|iPhone.Build.0 = Release|iPhone
		{B82D3933-99FB-4BFD-AE9C-C87FB20F5AB4}.Release|iPhoneSimulator.ActiveCfg = Release|iPhoneSimulator
		{B82D3933-99FB-4BFD-AE9C-C87FB20F5AB4}.Release|iPhoneSimulator.Build.0 = Release|iPhoneSimulator
		{B82D3933-99FB-4BFD-AE9C-C87FB20F5AB4}.Debug|iPhone.ActiveCfg = Debug|iPhone
		{B82D3933-99FB-4BFD-AE9C-C87FB20F5AB4}.Debug|iPhone.Build.0 = Debug|iPhone
		{ED240E11-E279-4132-88CA-D322750B2CE1}.Debug|Any CPU.ActiveCfg = Debug|Any CPU
		{ED240E11-E279-4132-88CA-D322750B2CE1}.Debug|Any CPU.Build.0 = Debug|Any CPU
		{ED240E11-E279-4132-88CA-D322750B2CE1}.Release|Any CPU.ActiveCfg = Release|Any CPU
		{ED240E11-E279-4132-88CA-D322750B2CE1}.Release|Any CPU.Build.0 = Release|Any CPU
		{ED240E11-E279-4132-88CA-D322750B2CE1}.Debug|iPhoneSimulator.ActiveCfg = Debug|Any CPU
		{ED240E11-E279-4132-88CA-D322750B2CE1}.Debug|iPhoneSimulator.Build.0 = Debug|Any CPU
		{ED240E11-E279-4132-88CA-D322750B2CE1}.Release|iPhone.ActiveCfg = Release|Any CPU
		{ED240E11-E279-4132-88CA-D322750B2CE1}.Release|iPhone.Build.0 = Release|Any CPU
		{ED240E11-E279-4132-88CA-D322750B2CE1}.Release|iPhoneSimulator.ActiveCfg = Release|Any CPU
		{ED240E11-E279-4132-88CA-D322750B2CE1}.Release|iPhoneSimulator.Build.0 = Release|Any CPU
		{ED240E11-E279-4132-88CA-D322750B2CE1}.Debug|iPhone.ActiveCfg = Debug|Any CPU
		{ED240E11-E279-4132-88CA-D322750B2CE1}.Debug|iPhone.Build.0 = Debug|Any CPU
	EndGlobalSection
EndGlobal
